// !$*UTF8*$!
{
	archiveVersion = 1;
	classes = {
	};
	objectVersion = 48;
	objects = {

/* Begin PBXBuildFile section */
		43E239EE22747982D3618E82 /* Pods_What_to_Do_UITests.framework in Frameworks */ = {isa = PBXBuildFile; fileRef = D1E9679481B0D9A10171F90D /* Pods_What_to_Do_UITests.framework */; };
		70DF8CD6DA4FE7A5A4698198 /* Pods_What_to_Do_Tests.framework in Frameworks */ = {isa = PBXBuildFile; fileRef = 6704043A868FFC275032B66D /* Pods_What_to_Do_Tests.framework */; };
		752280CB1F787771003B8A01 /* AppDelegate.swift in Sources */ = {isa = PBXBuildFile; fileRef = 752280CA1F787771003B8A01 /* AppDelegate.swift */; };
		752280D01F787771003B8A01 /* Main.storyboard in Resources */ = {isa = PBXBuildFile; fileRef = 752280CE1F787771003B8A01 /* Main.storyboard */; };
		752280D21F787771003B8A01 /* Assets.xcassets in Resources */ = {isa = PBXBuildFile; fileRef = 752280D11F787771003B8A01 /* Assets.xcassets */; };
		752280D51F787771003B8A01 /* LaunchScreen.storyboard in Resources */ = {isa = PBXBuildFile; fileRef = 752280D31F787771003B8A01 /* LaunchScreen.storyboard */; };
		752280E01F787771003B8A01 /* What_to_Do_Tests.swift in Sources */ = {isa = PBXBuildFile; fileRef = 752280DF1F787771003B8A01 /* What_to_Do_Tests.swift */; };
		752280EB1F787771003B8A01 /* What_to_Do_UITests.swift in Sources */ = {isa = PBXBuildFile; fileRef = 752280EA1F787771003B8A01 /* What_to_Do_UITests.swift */; };
		752280FA1F7878AC003B8A01 /* GoogleService-Info.plist in Resources */ = {isa = PBXBuildFile; fileRef = 752280F91F7878AC003B8A01 /* GoogleService-Info.plist */; };
		752280FC1F787905003B8A01 /* LoginViewController.swift in Sources */ = {isa = PBXBuildFile; fileRef = 752280FB1F787905003B8A01 /* LoginViewController.swift */; };
		D5354AB48869B3879A42CF7C /* Pods_What_to_Do_.framework in Frameworks */ = {isa = PBXBuildFile; fileRef = B53EE7EC8C8A086DBF4BB717 /* Pods_What_to_Do_.framework */; };
/* End PBXBuildFile section */

/* Begin PBXContainerItemProxy section */
		752280DC1F787771003B8A01 /* PBXContainerItemProxy */ = {
			isa = PBXContainerItemProxy;
			containerPortal = 752280BF1F787771003B8A01 /* Project object */;
			proxyType = 1;
			remoteGlobalIDString = 752280C61F787771003B8A01;
			remoteInfo = "What to Do?";
		};
		752280E71F787771003B8A01 /* PBXContainerItemProxy */ = {
			isa = PBXContainerItemProxy;
			containerPortal = 752280BF1F787771003B8A01 /* Project object */;
			proxyType = 1;
			remoteGlobalIDString = 752280C61F787771003B8A01;
			remoteInfo = "What to Do?";
		};
/* End PBXContainerItemProxy section */

/* Begin PBXFileReference section */
		1AE6BEB514E3A15656B5CFF5 /* Pods-What to Do?Tests.debug.xcconfig */ = {isa = PBXFileReference; includeInIndex = 1; lastKnownFileType = text.xcconfig; name = "Pods-What to Do?Tests.debug.xcconfig"; path = "Pods/Target Support Files/Pods-What to Do?Tests/Pods-What to Do?Tests.debug.xcconfig"; sourceTree = "<group>"; };
		388E00B5B092A4580EA73CDD /* Pods-What to Do?UITests.release.xcconfig */ = {isa = PBXFileReference; includeInIndex = 1; lastKnownFileType = text.xcconfig; name = "Pods-What to Do?UITests.release.xcconfig"; path = "Pods/Target Support Files/Pods-What to Do?UITests/Pods-What to Do?UITests.release.xcconfig"; sourceTree = "<group>"; };
		4895F66F38D64EB7694A03F1 /* Pods-What to Do?.debug.xcconfig */ = {isa = PBXFileReference; includeInIndex = 1; lastKnownFileType = text.xcconfig; name = "Pods-What to Do?.debug.xcconfig"; path = "Pods/Target Support Files/Pods-What to Do?/Pods-What to Do?.debug.xcconfig"; sourceTree = "<group>"; };
		6414CF5E1B2F2D68EAD0E2FF /* Pods-What to Do?.release.xcconfig */ = {isa = PBXFileReference; includeInIndex = 1; lastKnownFileType = text.xcconfig; name = "Pods-What to Do?.release.xcconfig"; path = "Pods/Target Support Files/Pods-What to Do?/Pods-What to Do?.release.xcconfig"; sourceTree = "<group>"; };
		6704043A868FFC275032B66D /* Pods_What_to_Do_Tests.framework */ = {isa = PBXFileReference; explicitFileType = wrapper.framework; includeInIndex = 0; path = Pods_What_to_Do_Tests.framework; sourceTree = BUILT_PRODUCTS_DIR; };
		752280C71F787771003B8A01 /* What to Do?.app */ = {isa = PBXFileReference; explicitFileType = wrapper.application; includeInIndex = 0; path = "What to Do?.app"; sourceTree = BUILT_PRODUCTS_DIR; };
		752280CA1F787771003B8A01 /* AppDelegate.swift */ = {isa = PBXFileReference; lastKnownFileType = sourcecode.swift; path = AppDelegate.swift; sourceTree = "<group>"; };
		752280CF1F787771003B8A01 /* Base */ = {isa = PBXFileReference; lastKnownFileType = file.storyboard; name = Base; path = Base.lproj/Main.storyboard; sourceTree = "<group>"; };
		752280D11F787771003B8A01 /* Assets.xcassets */ = {isa = PBXFileReference; lastKnownFileType = folder.assetcatalog; path = Assets.xcassets; sourceTree = "<group>"; };
		752280D41F787771003B8A01 /* Base */ = {isa = PBXFileReference; lastKnownFileType = file.storyboard; name = Base; path = Base.lproj/LaunchScreen.storyboard; sourceTree = "<group>"; };
		752280D61F787771003B8A01 /* Info.plist */ = {isa = PBXFileReference; lastKnownFileType = text.plist.xml; path = Info.plist; sourceTree = "<group>"; };
		752280DB1F787771003B8A01 /* What to Do?Tests.xctest */ = {isa = PBXFileReference; explicitFileType = wrapper.cfbundle; includeInIndex = 0; path = "What to Do?Tests.xctest"; sourceTree = BUILT_PRODUCTS_DIR; };
		752280DF1F787771003B8A01 /* What_to_Do_Tests.swift */ = {isa = PBXFileReference; lastKnownFileType = sourcecode.swift; path = What_to_Do_Tests.swift; sourceTree = "<group>"; };
		752280E11F787771003B8A01 /* Info.plist */ = {isa = PBXFileReference; lastKnownFileType = text.plist.xml; path = Info.plist; sourceTree = "<group>"; };
		752280E61F787771003B8A01 /* What to Do?UITests.xctest */ = {isa = PBXFileReference; explicitFileType = wrapper.cfbundle; includeInIndex = 0; path = "What to Do?UITests.xctest"; sourceTree = BUILT_PRODUCTS_DIR; };
		752280EA1F787771003B8A01 /* What_to_Do_UITests.swift */ = {isa = PBXFileReference; lastKnownFileType = sourcecode.swift; path = What_to_Do_UITests.swift; sourceTree = "<group>"; };
		752280EC1F787771003B8A01 /* Info.plist */ = {isa = PBXFileReference; lastKnownFileType = text.plist.xml; path = Info.plist; sourceTree = "<group>"; };
		752280F91F7878AC003B8A01 /* GoogleService-Info.plist */ = {isa = PBXFileReference; fileEncoding = 4; lastKnownFileType = text.plist.xml; name = "GoogleService-Info.plist"; path = "../../../Downloads/GoogleService-Info.plist"; sourceTree = "<group>"; };
		752280FB1F787905003B8A01 /* LoginViewController.swift */ = {isa = PBXFileReference; lastKnownFileType = sourcecode.swift; name = LoginViewController.swift; path = "/Users/yebarsoum22/Documents/What to Do?/What to Do?/LoginViewController.swift"; sourceTree = "<absolute>"; };
		AD08A31137D486B9E41E66B6 /* Pods-What to Do?Tests.release.xcconfig */ = {isa = PBXFileReference; includeInIndex = 1; lastKnownFileType = text.xcconfig; name = "Pods-What to Do?Tests.release.xcconfig"; path = "Pods/Target Support Files/Pods-What to Do?Tests/Pods-What to Do?Tests.release.xcconfig"; sourceTree = "<group>"; };
		B17C4FA989C9BF54A01C8F1E /* Pods-What to Do?UITests.debug.xcconfig */ = {isa = PBXFileReference; includeInIndex = 1; lastKnownFileType = text.xcconfig; name = "Pods-What to Do?UITests.debug.xcconfig"; path = "Pods/Target Support Files/Pods-What to Do?UITests/Pods-What to Do?UITests.debug.xcconfig"; sourceTree = "<group>"; };
		B53EE7EC8C8A086DBF4BB717 /* Pods_What_to_Do_.framework */ = {isa = PBXFileReference; explicitFileType = wrapper.framework; includeInIndex = 0; path = Pods_What_to_Do_.framework; sourceTree = BUILT_PRODUCTS_DIR; };
		D1E9679481B0D9A10171F90D /* Pods_What_to_Do_UITests.framework */ = {isa = PBXFileReference; explicitFileType = wrapper.framework; includeInIndex = 0; path = Pods_What_to_Do_UITests.framework; sourceTree = BUILT_PRODUCTS_DIR; };
/* End PBXFileReference section */

/* Begin PBXFrameworksBuildPhase section */
		752280C41F787771003B8A01 /* Frameworks */ = {
			isa = PBXFrameworksBuildPhase;
			buildActionMask = 2147483647;
			files = (
				D5354AB48869B3879A42CF7C /* Pods_What_to_Do_.framework in Frameworks */,
			);
			runOnlyForDeploymentPostprocessing = 0;
		};
		752280D81F787771003B8A01 /* Frameworks */ = {
			isa = PBXFrameworksBuildPhase;
			buildActionMask = 2147483647;
			files = (
				70DF8CD6DA4FE7A5A4698198 /* Pods_What_to_Do_Tests.framework in Frameworks */,
			);
			runOnlyForDeploymentPostprocessing = 0;
		};
		752280E31F787771003B8A01 /* Frameworks */ = {
			isa = PBXFrameworksBuildPhase;
			buildActionMask = 2147483647;
			files = (
				43E239EE22747982D3618E82 /* Pods_What_to_Do_UITests.framework in Frameworks */,
			);
			runOnlyForDeploymentPostprocessing = 0;
		};
/* End PBXFrameworksBuildPhase section */

/* Begin PBXGroup section */
		546D33ADA4D957796770BCA5 /* Frameworks */ = {
			isa = PBXGroup;
			children = (
				B53EE7EC8C8A086DBF4BB717 /* Pods_What_to_Do_.framework */,
				6704043A868FFC275032B66D /* Pods_What_to_Do_Tests.framework */,
				D1E9679481B0D9A10171F90D /* Pods_What_to_Do_UITests.framework */,
			);
			name = Frameworks;
			sourceTree = "<group>";
		};
		744CF1EE163164AA523A5326 /* Pods */ = {
			isa = PBXGroup;
			children = (
				4895F66F38D64EB7694A03F1 /* Pods-What to Do?.debug.xcconfig */,
				6414CF5E1B2F2D68EAD0E2FF /* Pods-What to Do?.release.xcconfig */,
				1AE6BEB514E3A15656B5CFF5 /* Pods-What to Do?Tests.debug.xcconfig */,
				AD08A31137D486B9E41E66B6 /* Pods-What to Do?Tests.release.xcconfig */,
				B17C4FA989C9BF54A01C8F1E /* Pods-What to Do?UITests.debug.xcconfig */,
				388E00B5B092A4580EA73CDD /* Pods-What to Do?UITests.release.xcconfig */,
			);
			name = Pods;
			sourceTree = "<group>";
		};
		752280BE1F787771003B8A01 = {
			isa = PBXGroup;
			children = (
				752280C91F787771003B8A01 /* What to Do? */,
				752280DE1F787771003B8A01 /* What to Do?Tests */,
				752280E91F787771003B8A01 /* What to Do?UITests */,
				752280C81F787771003B8A01 /* Products */,
				744CF1EE163164AA523A5326 /* Pods */,
				546D33ADA4D957796770BCA5 /* Frameworks */,
			);
			sourceTree = "<group>";
		};
		752280C81F787771003B8A01 /* Products */ = {
			isa = PBXGroup;
			children = (
				752280C71F787771003B8A01 /* What to Do?.app */,
				752280DB1F787771003B8A01 /* What to Do?Tests.xctest */,
				752280E61F787771003B8A01 /* What to Do?UITests.xctest */,
			);
			name = Products;
			sourceTree = "<group>";
		};
		752280C91F787771003B8A01 /* What to Do? */ = {
			isa = PBXGroup;
			children = (
				752280FB1F787905003B8A01 /* LoginViewController.swift */,
				752280F91F7878AC003B8A01 /* GoogleService-Info.plist */,
				752280CA1F787771003B8A01 /* AppDelegate.swift */,
				752280CE1F787771003B8A01 /* Main.storyboard */,
				752280D11F787771003B8A01 /* Assets.xcassets */,
				752280D31F787771003B8A01 /* LaunchScreen.storyboard */,
				752280D61F787771003B8A01 /* Info.plist */,
			);
			path = "What to Do?";
			sourceTree = "<group>";
		};
		752280DE1F787771003B8A01 /* What to Do?Tests */ = {
			isa = PBXGroup;
			children = (
				752280DF1F787771003B8A01 /* What_to_Do_Tests.swift */,
				752280E11F787771003B8A01 /* Info.plist */,
			);
			path = "What to Do?Tests";
			sourceTree = "<group>";
		};
		752280E91F787771003B8A01 /* What to Do?UITests */ = {
			isa = PBXGroup;
			children = (
				752280EA1F787771003B8A01 /* What_to_Do_UITests.swift */,
				752280EC1F787771003B8A01 /* Info.plist */,
			);
			path = "What to Do?UITests";
			sourceTree = "<group>";
		};
/* End PBXGroup section */

/* Begin PBXNativeTarget section */
		752280C61F787771003B8A01 /* What to Do? */ = {
			isa = PBXNativeTarget;
			buildConfigurationList = 752280EF1F787771003B8A01 /* Build configuration list for PBXNativeTarget "What to Do?" */;
			buildPhases = (
				C067857C7DD2A09EC8FEE97E /* [CP] Check Pods Manifest.lock */,
				752280C31F787771003B8A01 /* Sources */,
				752280C41F787771003B8A01 /* Frameworks */,
				752280C51F787771003B8A01 /* Resources */,
				DD2E2EE3BB8650FE707AC80C /* [CP] Embed Pods Frameworks */,
				754CAB3B31495620D26781AC /* [CP] Copy Pods Resources */,
			);
			buildRules = (
			);
			dependencies = (
			);
			name = "What to Do?";
			productName = "What to Do?";
			productReference = 752280C71F787771003B8A01 /* What to Do?.app */;
			productType = "com.apple.product-type.application";
		};
		752280DA1F787771003B8A01 /* What to Do?Tests */ = {
			isa = PBXNativeTarget;
			buildConfigurationList = 752280F21F787771003B8A01 /* Build configuration list for PBXNativeTarget "What to Do?Tests" */;
			buildPhases = (
				53DDF32EF0925014DE031C87 /* [CP] Check Pods Manifest.lock */,
				752280D71F787771003B8A01 /* Sources */,
				752280D81F787771003B8A01 /* Frameworks */,
				752280D91F787771003B8A01 /* Resources */,
				50E463BD6ECB18A2042B3456 /* [CP] Embed Pods Frameworks */,
				0D43A9B8A44BA6C4F2BF82A6 /* [CP] Copy Pods Resources */,
			);
			buildRules = (
			);
			dependencies = (
				752280DD1F787771003B8A01 /* PBXTargetDependency */,
			);
			name = "What to Do?Tests";
			productName = "What to Do?Tests";
			productReference = 752280DB1F787771003B8A01 /* What to Do?Tests.xctest */;
			productType = "com.apple.product-type.bundle.unit-test";
		};
		752280E51F787771003B8A01 /* What to Do?UITests */ = {
			isa = PBXNativeTarget;
			buildConfigurationList = 752280F51F787771003B8A01 /* Build configuration list for PBXNativeTarget "What to Do?UITests" */;
			buildPhases = (
				0EAF6C7B4E87B0A9923CDB0E /* [CP] Check Pods Manifest.lock */,
				752280E21F787771003B8A01 /* Sources */,
				752280E31F787771003B8A01 /* Frameworks */,
				752280E41F787771003B8A01 /* Resources */,
				BA6804C37DD40B9BB1118C7D /* [CP] Embed Pods Frameworks */,
				74C1A71EBA07279637F9AA2F /* [CP] Copy Pods Resources */,
			);
			buildRules = (
			);
			dependencies = (
				752280E81F787771003B8A01 /* PBXTargetDependency */,
			);
			name = "What to Do?UITests";
			productName = "What to Do?UITests";
			productReference = 752280E61F787771003B8A01 /* What to Do?UITests.xctest */;
			productType = "com.apple.product-type.bundle.ui-testing";
		};
/* End PBXNativeTarget section */

/* Begin PBXProject section */
		752280BF1F787771003B8A01 /* Project object */ = {
			isa = PBXProject;
			attributes = {
				LastSwiftUpdateCheck = 0900;
				LastUpgradeCheck = 0900;
				ORGANIZATIONNAME = "Youssef Barsoum";
				TargetAttributes = {
					752280C61F787771003B8A01 = {
						CreatedOnToolsVersion = 9.0;
						ProvisioningStyle = Automatic;
					};
					752280DA1F787771003B8A01 = {
						CreatedOnToolsVersion = 9.0;
						ProvisioningStyle = Automatic;
						TestTargetID = 752280C61F787771003B8A01;
					};
					752280E51F787771003B8A01 = {
						CreatedOnToolsVersion = 9.0;
						ProvisioningStyle = Automatic;
						TestTargetID = 752280C61F787771003B8A01;
					};
				};
			};
			buildConfigurationList = 752280C21F787771003B8A01 /* Build configuration list for PBXProject "What to Do?" */;
			compatibilityVersion = "Xcode 8.0";
			developmentRegion = en;
			hasScannedForEncodings = 0;
			knownRegions = (
				en,
				Base,
			);
			mainGroup = 752280BE1F787771003B8A01;
			productRefGroup = 752280C81F787771003B8A01 /* Products */;
			projectDirPath = "";
			projectRoot = "";
			targets = (
				752280C61F787771003B8A01 /* What to Do? */,
				752280DA1F787771003B8A01 /* What to Do?Tests */,
				752280E51F787771003B8A01 /* What to Do?UITests */,
			);
		};
/* End PBXProject section */

/* Begin PBXResourcesBuildPhase section */
		752280C51F787771003B8A01 /* Resources */ = {
			isa = PBXResourcesBuildPhase;
			buildActionMask = 2147483647;
			files = (
				752280D51F787771003B8A01 /* LaunchScreen.storyboard in Resources */,
				752280FA1F7878AC003B8A01 /* GoogleService-Info.plist in Resources */,
				752280D21F787771003B8A01 /* Assets.xcassets in Resources */,
				752280D01F787771003B8A01 /* Main.storyboard in Resources */,
			);
			runOnlyForDeploymentPostprocessing = 0;
		};
		752280D91F787771003B8A01 /* Resources */ = {
			isa = PBXResourcesBuildPhase;
			buildActionMask = 2147483647;
			files = (
			);
			runOnlyForDeploymentPostprocessing = 0;
		};
		752280E41F787771003B8A01 /* Resources */ = {
			isa = PBXResourcesBuildPhase;
			buildActionMask = 2147483647;
			files = (
			);
			runOnlyForDeploymentPostprocessing = 0;
		};
/* End PBXResourcesBuildPhase section */

/* Begin PBXShellScriptBuildPhase section */
		0D43A9B8A44BA6C4F2BF82A6 /* [CP] Copy Pods Resources */ = {
			isa = PBXShellScriptBuildPhase;
			buildActionMask = 2147483647;
			files = (
			);
			inputPaths = (
			);
			name = "[CP] Copy Pods Resources";
			outputPaths = (
			);
			runOnlyForDeploymentPostprocessing = 0;
			shellPath = /bin/sh;
			shellScript = "\"${SRCROOT}/Pods/Target Support Files/Pods-What to Do?Tests/Pods-What to Do?Tests-resources.sh\"\n";
			showEnvVarsInLog = 0;
		};
		0EAF6C7B4E87B0A9923CDB0E /* [CP] Check Pods Manifest.lock */ = {
			isa = PBXShellScriptBuildPhase;
			buildActionMask = 2147483647;
			files = (
			);
			inputPaths = (
				"${PODS_PODFILE_DIR_PATH}/Podfile.lock",
				"${PODS_ROOT}/Manifest.lock",
			);
			name = "[CP] Check Pods Manifest.lock";
			outputPaths = (
				"$(DERIVED_FILE_DIR)/Pods-What to Do?UITests-checkManifestLockResult.txt",
			);
			runOnlyForDeploymentPostprocessing = 0;
			shellPath = /bin/sh;
			shellScript = "diff \"${PODS_PODFILE_DIR_PATH}/Podfile.lock\" \"${PODS_ROOT}/Manifest.lock\" > /dev/null\nif [ $? != 0 ] ; then\n    # print error to STDERR\n    echo \"error: The sandbox is not in sync with the Podfile.lock. Run 'pod install' or update your CocoaPods installation.\" >&2\n    exit 1\nfi\n# This output is used by Xcode 'outputs' to avoid re-running this script phase.\necho \"SUCCESS\" > \"${SCRIPT_OUTPUT_FILE_0}\"\n";
			showEnvVarsInLog = 0;
		};
		50E463BD6ECB18A2042B3456 /* [CP] Embed Pods Frameworks */ = {
			isa = PBXShellScriptBuildPhase;
			buildActionMask = 2147483647;
			files = (
			);
			inputPaths = (
			);
			name = "[CP] Embed Pods Frameworks";
			outputPaths = (
			);
			runOnlyForDeploymentPostprocessing = 0;
			shellPath = /bin/sh;
			shellScript = "\"${SRCROOT}/Pods/Target Support Files/Pods-What to Do?Tests/Pods-What to Do?Tests-frameworks.sh\"\n";
			showEnvVarsInLog = 0;
		};
		53DDF32EF0925014DE031C87 /* [CP] Check Pods Manifest.lock */ = {
			isa = PBXShellScriptBuildPhase;
			buildActionMask = 2147483647;
			files = (
			);
			inputPaths = (
				"${PODS_PODFILE_DIR_PATH}/Podfile.lock",
				"${PODS_ROOT}/Manifest.lock",
			);
			name = "[CP] Check Pods Manifest.lock";
			outputPaths = (
				"$(DERIVED_FILE_DIR)/Pods-What to Do?Tests-checkManifestLockResult.txt",
			);
			runOnlyForDeploymentPostprocessing = 0;
			shellPath = /bin/sh;
			shellScript = "diff \"${PODS_PODFILE_DIR_PATH}/Podfile.lock\" \"${PODS_ROOT}/Manifest.lock\" > /dev/null\nif [ $? != 0 ] ; then\n    # print error to STDERR\n    echo \"error: The sandbox is not in sync with the Podfile.lock. Run 'pod install' or update your CocoaPods installation.\" >&2\n    exit 1\nfi\n# This output is used by Xcode 'outputs' to avoid re-running this script phase.\necho \"SUCCESS\" > \"${SCRIPT_OUTPUT_FILE_0}\"\n";
			showEnvVarsInLog = 0;
		};
		74C1A71EBA07279637F9AA2F /* [CP] Copy Pods Resources */ = {
			isa = PBXShellScriptBuildPhase;
			buildActionMask = 2147483647;
			files = (
			);
			inputPaths = (
			);
			name = "[CP] Copy Pods Resources";
			outputPaths = (
			);
			runOnlyForDeploymentPostprocessing = 0;
			shellPath = /bin/sh;
			shellScript = "\"${SRCROOT}/Pods/Target Support Files/Pods-What to Do?UITests/Pods-What to Do?UITests-resources.sh\"\n";
			showEnvVarsInLog = 0;
		};
		754CAB3B31495620D26781AC /* [CP] Copy Pods Resources */ = {
			isa = PBXShellScriptBuildPhase;
			buildActionMask = 2147483647;
			files = (
			);
			inputPaths = (
				"${SRCROOT}/Pods/Target Support Files/Pods-What to Do?/Pods-What to Do?-resources.sh",
				"${PODS_ROOT}/GoogleSignIn/Resources/GoogleSignIn.bundle",
			);
			name = "[CP] Copy Pods Resources";
			outputPaths = (
				"${TARGET_BUILD_DIR}/${UNLOCALIZED_RESOURCES_FOLDER_PATH}",
			);
			runOnlyForDeploymentPostprocessing = 0;
			shellPath = /bin/sh;
			shellScript = "\"${SRCROOT}/Pods/Target Support Files/Pods-What to Do?/Pods-What to Do?-resources.sh\"\n";
			showEnvVarsInLog = 0;
		};
		BA6804C37DD40B9BB1118C7D /* [CP] Embed Pods Frameworks */ = {
			isa = PBXShellScriptBuildPhase;
			buildActionMask = 2147483647;
			files = (
			);
			inputPaths = (
			);
			name = "[CP] Embed Pods Frameworks";
			outputPaths = (
			);
			runOnlyForDeploymentPostprocessing = 0;
			shellPath = /bin/sh;
			shellScript = "\"${SRCROOT}/Pods/Target Support Files/Pods-What to Do?UITests/Pods-What to Do?UITests-frameworks.sh\"\n";
			showEnvVarsInLog = 0;
		};
		C067857C7DD2A09EC8FEE97E /* [CP] Check Pods Manifest.lock */ = {
			isa = PBXShellScriptBuildPhase;
			buildActionMask = 2147483647;
			files = (
			);
			inputPaths = (
				"${PODS_PODFILE_DIR_PATH}/Podfile.lock",
				"${PODS_ROOT}/Manifest.lock",
			);
			name = "[CP] Check Pods Manifest.lock";
			outputPaths = (
				"$(DERIVED_FILE_DIR)/Pods-What to Do?-checkManifestLockResult.txt",
			);
			runOnlyForDeploymentPostprocessing = 0;
			shellPath = /bin/sh;
			shellScript = "diff \"${PODS_PODFILE_DIR_PATH}/Podfile.lock\" \"${PODS_ROOT}/Manifest.lock\" > /dev/null\nif [ $? != 0 ] ; then\n    # print error to STDERR\n    echo \"error: The sandbox is not in sync with the Podfile.lock. Run 'pod install' or update your CocoaPods installation.\" >&2\n    exit 1\nfi\n# This output is used by Xcode 'outputs' to avoid re-running this script phase.\necho \"SUCCESS\" > \"${SCRIPT_OUTPUT_FILE_0}\"\n";
			showEnvVarsInLog = 0;
		};
		DD2E2EE3BB8650FE707AC80C /* [CP] Embed Pods Frameworks */ = {
			isa = PBXShellScriptBuildPhase;
			buildActionMask = 2147483647;
			files = (
			);
			inputPaths = (
				"${SRCROOT}/Pods/Target Support Files/Pods-What to Do?/Pods-What to Do?-frameworks.sh",
				"${BUILT_PRODUCTS_DIR}/Canvas/Canvas.framework",
				"${BUILT_PRODUCTS_DIR}/GTMOAuth2/GTMOAuth2.framework",
				"${BUILT_PRODUCTS_DIR}/GTMSessionFetcher/GTMSessionFetcher.framework",
				"${BUILT_PRODUCTS_DIR}/GoogleToolboxForMac/GoogleToolboxForMac.framework",
			);
			name = "[CP] Embed Pods Frameworks";
			outputPaths = (
				"${TARGET_BUILD_DIR}/${FRAMEWORKS_FOLDER_PATH}/Canvas.framework",
				"${TARGET_BUILD_DIR}/${FRAMEWORKS_FOLDER_PATH}/GTMOAuth2.framework",
				"${TARGET_BUILD_DIR}/${FRAMEWORKS_FOLDER_PATH}/GTMSessionFetcher.framework",
				"${TARGET_BUILD_DIR}/${FRAMEWORKS_FOLDER_PATH}/GoogleToolboxForMac.framework",
			);
			runOnlyForDeploymentPostprocessing = 0;
			shellPath = /bin/sh;
			shellScript = "\"${SRCROOT}/Pods/Target Support Files/Pods-What to Do?/Pods-What to Do?-frameworks.sh\"\n";
			showEnvVarsInLog = 0;
		};
/* End PBXShellScriptBuildPhase section */

/* Begin PBXSourcesBuildPhase section */
		752280C31F787771003B8A01 /* Sources */ = {
			isa = PBXSourcesBuildPhase;
			buildActionMask = 2147483647;
			files = (
				752280FC1F787905003B8A01 /* LoginViewController.swift in Sources */,
				752280CB1F787771003B8A01 /* AppDelegate.swift in Sources */,
			);
			runOnlyForDeploymentPostprocessing = 0;
		};
		752280D71F787771003B8A01 /* Sources */ = {
			isa = PBXSourcesBuildPhase;
			buildActionMask = 2147483647;
			files = (
				752280E01F787771003B8A01 /* What_to_Do_Tests.swift in Sources */,
			);
			runOnlyForDeploymentPostprocessing = 0;
		};
		752280E21F787771003B8A01 /* Sources */ = {
			isa = PBXSourcesBuildPhase;
			buildActionMask = 2147483647;
			files = (
				752280EB1F787771003B8A01 /* What_to_Do_UITests.swift in Sources */,
			);
			runOnlyForDeploymentPostprocessing = 0;
		};
/* End PBXSourcesBuildPhase section */

/* Begin PBXTargetDependency section */
		752280DD1F787771003B8A01 /* PBXTargetDependency */ = {
			isa = PBXTargetDependency;
			target = 752280C61F787771003B8A01 /* What to Do? */;
			targetProxy = 752280DC1F787771003B8A01 /* PBXContainerItemProxy */;
		};
		752280E81F787771003B8A01 /* PBXTargetDependency */ = {
			isa = PBXTargetDependency;
			target = 752280C61F787771003B8A01 /* What to Do? */;
			targetProxy = 752280E71F787771003B8A01 /* PBXContainerItemProxy */;
		};
/* End PBXTargetDependency section */

/* Begin PBXVariantGroup section */
		752280CE1F787771003B8A01 /* Main.storyboard */ = {
			isa = PBXVariantGroup;
			children = (
				752280CF1F787771003B8A01 /* Base */,
			);
			name = Main.storyboard;
			sourceTree = "<group>";
		};
		752280D31F787771003B8A01 /* LaunchScreen.storyboard */ = {
			isa = PBXVariantGroup;
			children = (
				752280D41F787771003B8A01 /* Base */,
			);
			name = LaunchScreen.storyboard;
			sourceTree = "<group>";
		};
/* End PBXVariantGroup section */

/* Begin XCBuildConfiguration section */
		752280ED1F787771003B8A01 /* Debug */ = {
			isa = XCBuildConfiguration;
			buildSettings = {
				ALWAYS_SEARCH_USER_PATHS = NO;
				CLANG_ANALYZER_NONNULL = YES;
				CLANG_ANALYZER_NUMBER_OBJECT_CONVERSION = YES_AGGRESSIVE;
				CLANG_CXX_LANGUAGE_STANDARD = "gnu++14";
				CLANG_CXX_LIBRARY = "libc++";
				CLANG_ENABLE_MODULES = YES;
				CLANG_ENABLE_OBJC_ARC = YES;
				CLANG_WARN_BLOCK_CAPTURE_AUTORELEASING = YES;
				CLANG_WARN_BOOL_CONVERSION = YES;
				CLANG_WARN_COMMA = YES;
				CLANG_WARN_CONSTANT_CONVERSION = YES;
				CLANG_WARN_DIRECT_OBJC_ISA_USAGE = YES_ERROR;
				CLANG_WARN_DOCUMENTATION_COMMENTS = YES;
				CLANG_WARN_EMPTY_BODY = YES;
				CLANG_WARN_ENUM_CONVERSION = YES;
				CLANG_WARN_INFINITE_RECURSION = YES;
				CLANG_WARN_INT_CONVERSION = YES;
				CLANG_WARN_NON_LITERAL_NULL_CONVERSION = YES;
				CLANG_WARN_OBJC_LITERAL_CONVERSION = YES;
				CLANG_WARN_OBJC_ROOT_CLASS = YES_ERROR;
				CLANG_WARN_RANGE_LOOP_ANALYSIS = YES;
				CLANG_WARN_STRICT_PROTOTYPES = YES;
				CLANG_WARN_SUSPICIOUS_MOVE = YES;
				CLANG_WARN_UNGUARDED_AVAILABILITY = YES_AGGRESSIVE;
				CLANG_WARN_UNREACHABLE_CODE = YES;
				CLANG_WARN__DUPLICATE_METHOD_MATCH = YES;
				CODE_SIGN_IDENTITY = "iPhone Developer";
				COPY_PHASE_STRIP = NO;
				DEBUG_INFORMATION_FORMAT = dwarf;
				ENABLE_STRICT_OBJC_MSGSEND = YES;
				ENABLE_TESTABILITY = YES;
				GCC_C_LANGUAGE_STANDARD = gnu11;
				GCC_DYNAMIC_NO_PIC = NO;
				GCC_NO_COMMON_BLOCKS = YES;
				GCC_OPTIMIZATION_LEVEL = 0;
				GCC_PREPROCESSOR_DEFINITIONS = (
					"DEBUG=1",
					"$(inherited)",
				);
				GCC_WARN_64_TO_32_BIT_CONVERSION = YES;
				GCC_WARN_ABOUT_RETURN_TYPE = YES_ERROR;
				GCC_WARN_UNDECLARED_SELECTOR = YES;
				GCC_WARN_UNINITIALIZED_AUTOS = YES_AGGRESSIVE;
				GCC_WARN_UNUSED_FUNCTION = YES;
				GCC_WARN_UNUSED_VARIABLE = YES;
				IPHONEOS_DEPLOYMENT_TARGET = 11.0;
				MTL_ENABLE_DEBUG_INFO = YES;
				ONLY_ACTIVE_ARCH = YES;
				SDKROOT = iphoneos;
				SWIFT_ACTIVE_COMPILATION_CONDITIONS = DEBUG;
				SWIFT_OPTIMIZATION_LEVEL = "-Onone";
			};
			name = Debug;
		};
		752280EE1F787771003B8A01 /* Release */ = {
			isa = XCBuildConfiguration;
			buildSettings = {
				ALWAYS_SEARCH_USER_PATHS = NO;
				CLANG_ANALYZER_NONNULL = YES;
				CLANG_ANALYZER_NUMBER_OBJECT_CONVERSION = YES_AGGRESSIVE;
				CLANG_CXX_LANGUAGE_STANDARD = "gnu++14";
				CLANG_CXX_LIBRARY = "libc++";
				CLANG_ENABLE_MODULES = YES;
				CLANG_ENABLE_OBJC_ARC = YES;
				CLANG_WARN_BLOCK_CAPTURE_AUTORELEASING = YES;
				CLANG_WARN_BOOL_CONVERSION = YES;
				CLANG_WARN_COMMA = YES;
				CLANG_WARN_CONSTANT_CONVERSION = YES;
				CLANG_WARN_DIRECT_OBJC_ISA_USAGE = YES_ERROR;
				CLANG_WARN_DOCUMENTATION_COMMENTS = YES;
				CLANG_WARN_EMPTY_BODY = YES;
				CLANG_WARN_ENUM_CONVERSION = YES;
				CLANG_WARN_INFINITE_RECURSION = YES;
				CLANG_WARN_INT_CONVERSION = YES;
				CLANG_WARN_NON_LITERAL_NULL_CONVERSION = YES;
				CLANG_WARN_OBJC_LITERAL_CONVERSION = YES;
				CLANG_WARN_OBJC_ROOT_CLASS = YES_ERROR;
				CLANG_WARN_RANGE_LOOP_ANALYSIS = YES;
				CLANG_WARN_STRICT_PROTOTYPES = YES;
				CLANG_WARN_SUSPICIOUS_MOVE = YES;
				CLANG_WARN_UNGUARDED_AVAILABILITY = YES_AGGRESSIVE;
				CLANG_WARN_UNREACHABLE_CODE = YES;
				CLANG_WARN__DUPLICATE_METHOD_MATCH = YES;
				CODE_SIGN_IDENTITY = "iPhone Developer";
				COPY_PHASE_STRIP = NO;
				DEBUG_INFORMATION_FORMAT = "dwarf-with-dsym";
				ENABLE_NS_ASSERTIONS = NO;
				ENABLE_STRICT_OBJC_MSGSEND = YES;
				GCC_C_LANGUAGE_STANDARD = gnu11;
				GCC_NO_COMMON_BLOCKS = YES;
				GCC_WARN_64_TO_32_BIT_CONVERSION = YES;
				GCC_WARN_ABOUT_RETURN_TYPE = YES_ERROR;
				GCC_WARN_UNDECLARED_SELECTOR = YES;
				GCC_WARN_UNINITIALIZED_AUTOS = YES_AGGRESSIVE;
				GCC_WARN_UNUSED_FUNCTION = YES;
				GCC_WARN_UNUSED_VARIABLE = YES;
				IPHONEOS_DEPLOYMENT_TARGET = 11.0;
				MTL_ENABLE_DEBUG_INFO = NO;
				SDKROOT = iphoneos;
				SWIFT_OPTIMIZATION_LEVEL = "-Owholemodule";
				VALIDATE_PRODUCT = YES;
			};
			name = Release;
		};
		752280F01F787771003B8A01 /* Debug */ = {
			isa = XCBuildConfiguration;
			baseConfigurationReference = 4895F66F38D64EB7694A03F1 /* Pods-What to Do?.debug.xcconfig */;
			buildSettings = {
				ASSETCATALOG_COMPILER_APPICON_NAME = AppIcon;
				CODE_SIGN_STYLE = Automatic;
				DEVELOPMENT_TEAM = 38PMR886AH;
				INFOPLIST_FILE = "What to Do?/Info.plist";
				LD_RUNPATH_SEARCH_PATHS = "$(inherited) @executable_path/Frameworks";
				PRODUCT_BUNDLE_IDENTIFIER = "com.whitnallschools.What-to-Do-";
				PRODUCT_NAME = "$(TARGET_NAME)";
				SWIFT_VERSION = 4.0;
				TARGETED_DEVICE_FAMILY = "1,2";
			};
			name = Debug;
		};
		752280F11F787771003B8A01 /* Release */ = {
			isa = XCBuildConfiguration;
			baseConfigurationReference = 6414CF5E1B2F2D68EAD0E2FF /* Pods-What to Do?.release.xcconfig */;
			buildSettings = {
				ASSETCATALOG_COMPILER_APPICON_NAME = AppIcon;
				CODE_SIGN_STYLE = Automatic;
				DEVELOPMENT_TEAM = 38PMR886AH;
				INFOPLIST_FILE = "What to Do?/Info.plist";
				LD_RUNPATH_SEARCH_PATHS = "$(inherited) @executable_path/Frameworks";
				PRODUCT_BUNDLE_IDENTIFIER = "com.whitnallschools.What-to-Do-";
				PRODUCT_NAME = "$(TARGET_NAME)";
				SWIFT_VERSION = 4.0;
				TARGETED_DEVICE_FAMILY = "1,2";
			};
			name = Release;
		};
		752280F31F787771003B8A01 /* Debug */ = {
			isa = XCBuildConfiguration;
			baseConfigurationReference = 1AE6BEB514E3A15656B5CFF5 /* Pods-What to Do?Tests.debug.xcconfig */;
			buildSettings = {
				ALWAYS_EMBED_SWIFT_STANDARD_LIBRARIES = YES;
				BUNDLE_LOADER = "$(TEST_HOST)";
				CODE_SIGN_STYLE = Automatic;
				DEVELOPMENT_TEAM = 38PMR886AH;
				INFOPLIST_FILE = "What to Do?Tests/Info.plist";
				LD_RUNPATH_SEARCH_PATHS = "$(inherited) @executable_path/Frameworks @loader_path/Frameworks";
				PRODUCT_BUNDLE_IDENTIFIER = "com.whitnallschools.What-to-Do-Tests";
				PRODUCT_NAME = "$(TARGET_NAME)";
				SWIFT_VERSION = 4.0;
				TARGETED_DEVICE_FAMILY = "1,2";
				TEST_HOST = "$(BUILT_PRODUCTS_DIR)/What to Do?.app/What to Do?";
			};
			name = Debug;
		};
		752280F41F787771003B8A01 /* Release */ = {
			isa = XCBuildConfiguration;
			baseConfigurationReference = AD08A31137D486B9E41E66B6 /* Pods-What to Do?Tests.release.xcconfig */;
			buildSettings = {
				ALWAYS_EMBED_SWIFT_STANDARD_LIBRARIES = YES;
				BUNDLE_LOADER = "$(TEST_HOST)";
				CODE_SIGN_STYLE = Automatic;
				DEVELOPMENT_TEAM = 38PMR886AH;
				INFOPLIST_FILE = "What to Do?Tests/Info.plist";
				LD_RUNPATH_SEARCH_PATHS = "$(inherited) @executable_path/Frameworks @loader_path/Frameworks";
				PRODUCT_BUNDLE_IDENTIFIER = "com.whitnallschools.What-to-Do-Tests";
				PRODUCT_NAME = "$(TARGET_NAME)";
				SWIFT_VERSION = 4.0;
				TARGETED_DEVICE_FAMILY = "1,2";
				TEST_HOST = "$(BUILT_PRODUCTS_DIR)/What to Do?.app/What to Do?";
			};
			name = Release;
		};
		752280F61F787771003B8A01 /* Debug */ = {
			isa = XCBuildConfiguration;
			baseConfigurationReference = B17C4FA989C9BF54A01C8F1E /* Pods-What to Do?UITests.debug.xcconfig */;
			buildSettings = {
				ALWAYS_EMBED_SWIFT_STANDARD_LIBRARIES = YES;
				CODE_SIGN_STYLE = Automatic;
				DEVELOPMENT_TEAM = 38PMR886AH;
				INFOPLIST_FILE = "What to Do?UITests/Info.plist";
				LD_RUNPATH_SEARCH_PATHS = "$(inherited) @executable_path/Frameworks @loader_path/Frameworks";
				PRODUCT_BUNDLE_IDENTIFIER = "com.whitnallschools.What-to-Do-UITests";
				PRODUCT_NAME = "$(TARGET_NAME)";
				SWIFT_VERSION = 4.0;
				TARGETED_DEVICE_FAMILY = "1,2";
				TEST_TARGET_NAME = "What to Do?";
			};
			name = Debug;
		};
		752280F71F787771003B8A01 /* Release */ = {
			isa = XCBuildConfiguration;
			baseConfigurationReference = 388E00B5B092A4580EA73CDD /* Pods-What to Do?UITests.release.xcconfig */;
			buildSettings = {
				ALWAYS_EMBED_SWIFT_STANDARD_LIBRARIES = YES;
				CODE_SIGN_STYLE = Automatic;
				DEVELOPMENT_TEAM = 38PMR886AH;
				INFOPLIST_FILE = "What to Do?UITests/Info.plist";
				LD_RUNPATH_SEARCH_PATHS = "$(inherited) @executable_path/Frameworks @loader_path/Frameworks";
				PRODUCT_BUNDLE_IDENTIFIER = "com.whitnallschools.What-to-Do-UITests";
				PRODUCT_NAME = "$(TARGET_NAME)";
				SWIFT_VERSION = 4.0;
				TARGETED_DEVICE_FAMILY = "1,2";
				TEST_TARGET_NAME = "What to Do?";
			};
			name = Release;
		};
/* End XCBuildConfiguration section */

/* Begin XCConfigurationList section */
		752280C21F787771003B8A01 /* Build configuration list for PBXProject "What to Do?" */ = {
			isa = XCConfigurationList;
			buildConfigurations = (
				752280ED1F787771003B8A01 /* Debug */,
				752280EE1F787771003B8A01 /* Release */,
			);
			defaultConfigurationIsVisible = 0;
			defaultConfigurationName = Release;
		};
		752280EF1F787771003B8A01 /* Build configuration list for PBXNativeTarget "What to Do?" */ = {
			isa = XCConfigurationList;
			buildConfigurations = (
				752280F01F787771003B8A01 /* Debug */,
				752280F11F787771003B8A01 /* Release */,
			);
			defaultConfigurationIsVisible = 0;
			defaultConfigurationName = Release;
		};
		752280F21F787771003B8A01 /* Build configuration list for PBXNativeTarget "What to Do?Tests" */ = {
			isa = XCConfigurationList;
			buildConfigurations = (
				752280F31F787771003B8A01 /* Debug */,
				752280F41F787771003B8A01 /* Release */,
			);
			defaultConfigurationIsVisible = 0;
			defaultConfigurationName = Release;
		};
		752280F51F787771003B8A01 /* Build configuration list for PBXNativeTarget "What to Do?UITests" */ = {
			isa = XCConfigurationList;
			buildConfigurations = (
				752280F61F787771003B8A01 /* Debug */,
				752280F71F787771003B8A01 /* Release */,
			);
			defaultConfigurationIsVisible = 0;
			defaultConfigurationName = Release;
		};
/* End XCConfigurationList section */
	};
	rootObject = 752280BF1F787771003B8A01 /* Project object */;
}
